
Microsoft Visual Studio Solution File, Format Version 12.00
# Visual Studio 15
VisualStudioVersion = 15.0.28307.168
MinimumVisualStudioVersion = 10.0.40219.1
Project("{FAE04EC0-301F-11D3-BF4B-00C04F79EFBC}") = "UPKartaDzwiekowa2", "UPKartaDzwiekowa2\UPKartaDzwiekowa2.csproj", "{C537A841-CEFA-437E-9221-4B10DB1465F9}"
EndProject
Global
	GlobalSection(SolutionConfigurationPlatforms) = preSolution
		Debug|Any CPU = Debug|Any CPU
		Release|Any CPU = Release|Any CPU
	EndGlobalSection
	GlobalSection(ProjectConfigurationPlatforms) = postSolution
		{C537A841-CEFA-437E-9221-4B10DB1465F9}.Debug|Any CPU.ActiveCfg = Debug|Any CPU
		{C537A841-CEFA-437E-9221-4B10DB1465F9}.Debug|Any CPU.Build.0 = Debug|Any CPU
		{C537A841-CEFA-437E-9221-4B10DB1465F9}.Release|Any CPU.ActiveCfg = Release|Any CPU
		{C537A841-CEFA-437E-9221-4B10DB1465F9}.Release|Any CPU.Build.0 = Release|Any CPU
	EndGlobalSection
	GlobalSection(SolutionProperties) = preSolution
		HideSolutionNode = FALSE
	EndGlobalSection
	GlobalSection(ExtensibilityGlobals) = postSolution
		SolutionGuid = {57223D39-5D2D-4039-849A-5B342244B2DC}
	EndGlobalSection
EndGlobal
